
Microsoft Visual Studio Solution File, Format Version 11.00
# Visual Studio 2010
Project("{FAE04EC0-301F-11D3-BF4B-00C04F79EFBC}") = "vrnd-course3-starter-project original", "Assembly-CSharp.csproj", "{9DEC57F5-6BB5-D585-30CF-EEE26C3D769E}"
EndProject
Project("{FAE04EC0-301F-11D3-BF4B-00C04F79EFBC}") = "vrnd-course3-starter-project original", "Assembly-CSharp-Editor.csproj", "{6A2998A5-E09C-0A84-09B2-CEFBC7FC695A}"
EndProject
Global
	GlobalSection(SolutionConfigurationPlatforms) = preSolution
		Debug|Any CPU = Debug|Any CPU
		Release|Any CPU = Release|Any CPU
	EndGlobalSection
	GlobalSection(ProjectConfigurationPlatforms) = postSolution
		{9DEC57F5-6BB5-D585-30CF-EEE26C3D769E}.Debug|Any CPU.ActiveCfg = Debug|Any CPU
		{9DEC57F5-6BB5-D585-30CF-EEE26C3D769E}.Debug|Any CPU.Build.0 = Debug|Any CPU
		{9DEC57F5-6BB5-D585-30CF-EEE26C3D769E}.Release|Any CPU.ActiveCfg = Release|Any CPU
		{9DEC57F5-6BB5-D585-30CF-EEE26C3D769E}.Release|Any CPU.Build.0 = Release|Any CPU
		{6A2998A5-E09C-0A84-09B2-CEFBC7FC695A}.Debug|Any CPU.ActiveCfg = Debug|Any CPU
		{6A2998A5-E09C-0A84-09B2-CEFBC7FC695A}.Debug|Any CPU.Build.0 = Debug|Any CPU
		{6A2998A5-E09C-0A84-09B2-CEFBC7FC695A}.Release|Any CPU.ActiveCfg = Release|Any CPU
		{6A2998A5-E09C-0A84-09B2-CEFBC7FC695A}.Release|Any CPU.Build.0 = Release|Any CPU
	EndGlobalSection
	GlobalSection(SolutionProperties) = preSolution
		HideSolutionNode = FALSE
	EndGlobalSection
	GlobalSection(MonoDevelopProperties) = preSolution
		StartupItem = Assembly-CSharp.csproj
	EndGlobalSection
EndGlobal
